
Microsoft Visual Studio Solution File, Format Version 12.00
# Visual Studio Version 17
VisualStudioVersion = 17.6.33829.357
MinimumVisualStudioVersion = 10.0.40219.1
Project("{FAE04EC0-301F-11D3-BF4B-00C04F79EFBC}") = "CONVERTIDOR TEMPERATURA.Android", "CONVERTIDOR TEMPERATURA.Android\CONVERTIDOR TEMPERATURA.Android.csproj", "{CBB0FA0D-4596-472C-BAD1-C36C15BA1FC4}"
EndProject
Project("{FAE04EC0-301F-11D3-BF4B-00C04F79EFBC}") = "CONVERTIDOR TEMPERATURA", "CONVERTIDOR TEMPERATURA\CONVERTIDOR TEMPERATURA.csproj", "{3825E11E-49DD-43AF-B313-7EFD93308F37}"
EndProject
Global
	GlobalSection(SolutionConfigurationPlatforms) = preSolution
		Debug|Any CPU = Debug|Any CPU
		Release|Any CPU = Release|Any CPU
	EndGlobalSection
	GlobalSection(ProjectConfigurationPlatforms) = postSolution
		{CBB0FA0D-4596-472C-BAD1-C36C15BA1FC4}.Debug|Any CPU.ActiveCfg = Debug|Any CPU
		{CBB0FA0D-4596-472C-BAD1-C36C15BA1FC4}.Debug|Any CPU.Build.0 = Debug|Any CPU
		{CBB0FA0D-4596-472C-BAD1-C36C15BA1FC4}.Debug|Any CPU.Deploy.0 = Debug|Any CPU
		{CBB0FA0D-4596-472C-BAD1-C36C15BA1FC4}.Release|Any CPU.ActiveCfg = Release|Any CPU
		{CBB0FA0D-4596-472C-BAD1-C36C15BA1FC4}.Release|Any CPU.Build.0 = Release|Any CPU
		{CBB0FA0D-4596-472C-BAD1-C36C15BA1FC4}.Release|Any CPU.Deploy.0 = Release|Any CPU
		{3825E11E-49DD-43AF-B313-7EFD93308F37}.Debug|Any CPU.ActiveCfg = Debug|Any CPU
		{3825E11E-49DD-43AF-B313-7EFD93308F37}.Debug|Any CPU.Build.0 = Debug|Any CPU
		{3825E11E-49DD-43AF-B313-7EFD93308F37}.Debug|Any CPU.Deploy.0 = Debug|Any CPU
		{3825E11E-49DD-43AF-B313-7EFD93308F37}.Release|Any CPU.ActiveCfg = Release|Any CPU
		{3825E11E-49DD-43AF-B313-7EFD93308F37}.Release|Any CPU.Build.0 = Release|Any CPU
		{3825E11E-49DD-43AF-B313-7EFD93308F37}.Release|Any CPU.Deploy.0 = Release|Any CPU
	EndGlobalSection
	GlobalSection(SolutionProperties) = preSolution
		HideSolutionNode = FALSE
	EndGlobalSection
	GlobalSection(ExtensibilityGlobals) = postSolution
		SolutionGuid = {19DF7EC6-FEAC-4054-A765-B1A50081DE99}
	EndGlobalSection
EndGlobal
